// !$*UTF8*$!
{
	archiveVersion = 1;
	classes = {
	};
	objectVersion = 50;
	objects = {

/* Begin PBXBuildFile section */
		1E47E6FB26016D580098FE56 /* AppDelegate.swift in Sources */ = {isa = PBXBuildFile; fileRef = 1E47E6FA26016D580098FE56 /* AppDelegate.swift */; };
		1E47E6FD26016D580098FE56 /* SceneDelegate.swift in Sources */ = {isa = PBXBuildFile; fileRef = 1E47E6FC26016D580098FE56 /* SceneDelegate.swift */; };
		1E47E6FF26016D580098FE56 /* ViewController.swift in Sources */ = {isa = PBXBuildFile; fileRef = 1E47E6FE26016D580098FE56 /* ViewController.swift */; };
		1E47E70226016D580098FE56 /* Main.storyboard in Resources */ = {isa = PBXBuildFile; fileRef = 1E47E70026016D580098FE56 /* Main.storyboard */; };
		1E47E70426016D5C0098FE56 /* Assets.xcassets in Resources */ = {isa = PBXBuildFile; fileRef = 1E47E70326016D5C0098FE56 /* Assets.xcassets */; };
		1E47E70726016D5C0098FE56 /* LaunchScreen.storyboard in Resources */ = {isa = PBXBuildFile; fileRef = 1E47E70526016D5C0098FE56 /* LaunchScreen.storyboard */; };
		1E47E71226016D5C0098FE56 /* PomodoroTests.swift in Sources */ = {isa = PBXBuildFile; fileRef = 1E47E71126016D5C0098FE56 /* PomodoroTests.swift */; };
		1E47E71D26016D5C0098FE56 /* PomodoroUITests.swift in Sources */ = {isa = PBXBuildFile; fileRef = 1E47E71C26016D5C0098FE56 /* PomodoroUITests.swift */; };
/* End PBXBuildFile section */

/* Begin PBXContainerItemProxy section */
		1E47E70E26016D5C0098FE56 /* PBXContainerItemProxy */ = {
			isa = PBXContainerItemProxy;
			containerPortal = 1E47E6EF26016D580098FE56 /* Project object */;
			proxyType = 1;
			remoteGlobalIDString = 1E47E6F626016D580098FE56;
			remoteInfo = Pomodoro;
		};
		1E47E71926016D5C0098FE56 /* PBXContainerItemProxy */ = {
			isa = PBXContainerItemProxy;
			containerPortal = 1E47E6EF26016D580098FE56 /* Project object */;
			proxyType = 1;
			remoteGlobalIDString = 1E47E6F626016D580098FE56;
			remoteInfo = Pomodoro;
		};
/* End PBXContainerItemProxy section */

/* Begin PBXFileReference section */
		1E47E6F726016D580098FE56 /* Pomodoro.app */ = {isa = PBXFileReference; explicitFileType = wrapper.application; includeInIndex = 0; path = Pomodoro.app; sourceTree = BUILT_PRODUCTS_DIR; };
		1E47E6FA26016D580098FE56 /* AppDelegate.swift */ = {isa = PBXFileReference; lastKnownFileType = sourcecode.swift; path = AppDelegate.swift; sourceTree = "<group>"; };
		1E47E6FC26016D580098FE56 /* SceneDelegate.swift */ = {isa = PBXFileReference; lastKnownFileType = sourcecode.swift; path = SceneDelegate.swift; sourceTree = "<group>"; };
		1E47E6FE26016D580098FE56 /* ViewController.swift */ = {isa = PBXFileReference; lastKnownFileType = sourcecode.swift; path = ViewController.swift; sourceTree = "<group>"; };
		1E47E70126016D580098FE56 /* Base */ = {isa = PBXFileReference; lastKnownFileType = file.storyboard; name = Base; path = Base.lproj/Main.storyboard; sourceTree = "<group>"; };
		1E47E70326016D5C0098FE56 /* Assets.xcassets */ = {isa = PBXFileReference; lastKnownFileType = folder.assetcatalog; path = Assets.xcassets; sourceTree = "<group>"; };
		1E47E70626016D5C0098FE56 /* Base */ = {isa = PBXFileReference; lastKnownFileType = file.storyboard; name = Base; path = Base.lproj/LaunchScreen.storyboard; sourceTree = "<group>"; };
		1E47E70826016D5C0098FE56 /* Info.plist */ = {isa = PBXFileReference; lastKnownFileType = text.plist.xml; path = Info.plist; sourceTree = "<group>"; };
		1E47E70D26016D5C0098FE56 /* PomodoroTests.xctest */ = {isa = PBXFileReference; explicitFileType = wrapper.cfbundle; includeInIndex = 0; path = PomodoroTests.xctest; sourceTree = BUILT_PRODUCTS_DIR; };
		1E47E71126016D5C0098FE56 /* PomodoroTests.swift */ = {isa = PBXFileReference; lastKnownFileType = sourcecode.swift; path = PomodoroTests.swift; sourceTree = "<group>"; };
		1E47E71326016D5C0098FE56 /* Info.plist */ = {isa = PBXFileReference; lastKnownFileType = text.plist.xml; path = Info.plist; sourceTree = "<group>"; };
		1E47E71826016D5C0098FE56 /* PomodoroUITests.xctest */ = {isa = PBXFileReference; explicitFileType = wrapper.cfbundle; includeInIndex = 0; path = PomodoroUITests.xctest; sourceTree = BUILT_PRODUCTS_DIR; };
		1E47E71C26016D5C0098FE56 /* PomodoroUITests.swift */ = {isa = PBXFileReference; lastKnownFileType = sourcecode.swift; path = PomodoroUITests.swift; sourceTree = "<group>"; };
		1E47E71E26016D5C0098FE56 /* Info.plist */ = {isa = PBXFileReference; lastKnownFileType = text.plist.xml; path = Info.plist; sourceTree = "<group>"; };
/* End PBXFileReference section */

/* Begin PBXFrameworksBuildPhase section */
		1E47E6F426016D580098FE56 /* Frameworks */ = {
			isa = PBXFrameworksBuildPhase;
			buildActionMask = 2147483647;
			files = (
			);
			runOnlyForDeploymentPostprocessing = 0;
		};
		1E47E70A26016D5C0098FE56 /* Frameworks */ = {
			isa = PBXFrameworksBuildPhase;
			buildActionMask = 2147483647;
			files = (
			);
			runOnlyForDeploymentPostprocessing = 0;
		};
		1E47E71526016D5C0098FE56 /* Frameworks */ = {
			isa = PBXFrameworksBuildPhase;
			buildActionMask = 2147483647;
			files = (
			);
			runOnlyForDeploymentPostprocessing = 0;
		};
/* End PBXFrameworksBuildPhase section */

/* Begin PBXGroup section */
		1E47E6EE26016D580098FE56 = {
			isa = PBXGroup;
			children = (
				1E47E6F926016D580098FE56 /* Pomodoro */,
				1E47E71026016D5C0098FE56 /* PomodoroTests */,
				1E47E71B26016D5C0098FE56 /* PomodoroUITests */,
				1E47E6F826016D580098FE56 /* Products */,
			);
			sourceTree = "<group>";
		};
		1E47E6F826016D580098FE56 /* Products */ = {
			isa = PBXGroup;
			children = (
				1E47E6F726016D580098FE56 /* Pomodoro.app */,
				1E47E70D26016D5C0098FE56 /* PomodoroTests.xctest */,
				1E47E71826016D5C0098FE56 /* PomodoroUITests.xctest */,
			);
			name = Products;
			sourceTree = "<group>";
		};
		1E47E6F926016D580098FE56 /* Pomodoro */ = {
			isa = PBXGroup;
			children = (
				1E47E6FA26016D580098FE56 /* AppDelegate.swift */,
				1E47E6FC26016D580098FE56 /* SceneDelegate.swift */,
				1E47E6FE26016D580098FE56 /* ViewController.swift */,
				1E47E70026016D580098FE56 /* Main.storyboard */,
				1E47E70326016D5C0098FE56 /* Assets.xcassets */,
				1E47E70526016D5C0098FE56 /* LaunchScreen.storyboard */,
				1E47E70826016D5C0098FE56 /* Info.plist */,
			);
			path = Pomodoro;
			sourceTree = "<group>";
		};
		1E47E71026016D5C0098FE56 /* PomodoroTests */ = {
			isa = PBXGroup;
			children = (
				1E47E71126016D5C0098FE56 /* PomodoroTests.swift */,
				1E47E71326016D5C0098FE56 /* Info.plist */,
			);
			path = PomodoroTests;
			sourceTree = "<group>";
		};
		1E47E71B26016D5C0098FE56 /* PomodoroUITests */ = {
			isa = PBXGroup;
			children = (
				1E47E71C26016D5C0098FE56 /* PomodoroUITests.swift */,
				1E47E71E26016D5C0098FE56 /* Info.plist */,
			);
			path = PomodoroUITests;
			sourceTree = "<group>";
		};
/* End PBXGroup section */

/* Begin PBXNativeTarget section */
		1E47E6F626016D580098FE56 /* Pomodoro */ = {
			isa = PBXNativeTarget;
			buildConfigurationList = 1E47E72126016D5C0098FE56 /* Build configuration list for PBXNativeTarget "Pomodoro" */;
			buildPhases = (
				1E47E6F326016D580098FE56 /* Sources */,
				1E47E6F426016D580098FE56 /* Frameworks */,
				1E47E6F526016D580098FE56 /* Resources */,
			);
			buildRules = (
			);
			dependencies = (
			);
			name = Pomodoro;
			productName = Pomodoro;
			productReference = 1E47E6F726016D580098FE56 /* Pomodoro.app */;
			productType = "com.apple.product-type.application";
		};
		1E47E70C26016D5C0098FE56 /* PomodoroTests */ = {
			isa = PBXNativeTarget;
			buildConfigurationList = 1E47E72426016D5C0098FE56 /* Build configuration list for PBXNativeTarget "PomodoroTests" */;
			buildPhases = (
				1E47E70926016D5C0098FE56 /* Sources */,
				1E47E70A26016D5C0098FE56 /* Frameworks */,
				1E47E70B26016D5C0098FE56 /* Resources */,
			);
			buildRules = (
			);
			dependencies = (
				1E47E70F26016D5C0098FE56 /* PBXTargetDependency */,
			);
			name = PomodoroTests;
			productName = PomodoroTests;
			productReference = 1E47E70D26016D5C0098FE56 /* PomodoroTests.xctest */;
			productType = "com.apple.product-type.bundle.unit-test";
		};
		1E47E71726016D5C0098FE56 /* PomodoroUITests */ = {
			isa = PBXNativeTarget;
			buildConfigurationList = 1E47E72726016D5C0098FE56 /* Build configuration list for PBXNativeTarget "PomodoroUITests" */;
			buildPhases = (
				1E47E71426016D5C0098FE56 /* Sources */,
				1E47E71526016D5C0098FE56 /* Frameworks */,
				1E47E71626016D5C0098FE56 /* Resources */,
			);
			buildRules = (
			);
			dependencies = (
				1E47E71A26016D5C0098FE56 /* PBXTargetDependency */,
			);
			name = PomodoroUITests;
			productName = PomodoroUITests;
			productReference = 1E47E71826016D5C0098FE56 /* PomodoroUITests.xctest */;
			productType = "com.apple.product-type.bundle.ui-testing";
		};
/* End PBXNativeTarget section */

/* Begin PBXProject section */
		1E47E6EF26016D580098FE56 /* Project object */ = {
			isa = PBXProject;
			attributes = {
				LastSwiftUpdateCheck = 1230;
				LastUpgradeCheck = 1230;
				TargetAttributes = {
					1E47E6F626016D580098FE56 = {
						CreatedOnToolsVersion = 12.3;
					};
					1E47E70C26016D5C0098FE56 = {
						CreatedOnToolsVersion = 12.3;
						TestTargetID = 1E47E6F626016D580098FE56;
					};
					1E47E71726016D5C0098FE56 = {
						CreatedOnToolsVersion = 12.3;
						TestTargetID = 1E47E6F626016D580098FE56;
					};
				};
			};
			buildConfigurationList = 1E47E6F226016D580098FE56 /* Build configuration list for PBXProject "Pomodoro" */;
			compatibilityVersion = "Xcode 9.3";
			developmentRegion = en;
			hasScannedForEncodings = 0;
			knownRegions = (
				en,
				Base,
			);
			mainGroup = 1E47E6EE26016D580098FE56;
			productRefGroup = 1E47E6F826016D580098FE56 /* Products */;
			projectDirPath = "";
			projectRoot = "";
			targets = (
				1E47E6F626016D580098FE56 /* Pomodoro */,
				1E47E70C26016D5C0098FE56 /* PomodoroTests */,
				1E47E71726016D5C0098FE56 /* PomodoroUITests */,
			);
		};
/* End PBXProject section */

/* Begin PBXResourcesBuildPhase section */
		1E47E6F526016D580098FE56 /* Resources */ = {
			isa = PBXResourcesBuildPhase;
			buildActionMask = 2147483647;
			files = (
				1E47E70726016D5C0098FE56 /* LaunchScreen.storyboard in Resources */,
				1E47E70426016D5C0098FE56 /* Assets.xcassets in Resources */,
				1E47E70226016D580098FE56 /* Main.storyboard in Resources */,
			);
			runOnlyForDeploymentPostprocessing = 0;
		};
		1E47E70B26016D5C0098FE56 /* Resources */ = {
			isa = PBXResourcesBuildPhase;
			buildActionMask = 2147483647;
			files = (
			);
			runOnlyForDeploymentPostprocessing = 0;
		};
		1E47E71626016D5C0098FE56 /* Resources */ = {
			isa = PBXResourcesBuildPhase;
			buildActionMask = 2147483647;
			files = (
			);
			runOnlyForDeploymentPostprocessing = 0;
		};
/* End PBXResourcesBuildPhase section */

/* Begin PBXSourcesBuildPhase section */
		1E47E6F326016D580098FE56 /* Sources */ = {
			isa = PBXSourcesBuildPhase;
			buildActionMask = 2147483647;
			files = (
				1E47E6FF26016D580098FE56 /* ViewController.swift in Sources */,
				1E47E6FB26016D580098FE56 /* AppDelegate.swift in Sources */,
				1E47E6FD26016D580098FE56 /* SceneDelegate.swift in Sources */,
			);
			runOnlyForDeploymentPostprocessing = 0;
		};
		1E47E70926016D5C0098FE56 /* Sources */ = {
			isa = PBXSourcesBuildPhase;
			buildActionMask = 2147483647;
			files = (
				1E47E71226016D5C0098FE56 /* PomodoroTests.swift in Sources */,
			);
			runOnlyForDeploymentPostprocessing = 0;
		};
		1E47E71426016D5C0098FE56 /* Sources */ = {
			isa = PBXSourcesBuildPhase;
			buildActionMask = 2147483647;
			files = (
				1E47E71D26016D5C0098FE56 /* PomodoroUITests.swift in Sources */,
			);
			runOnlyForDeploymentPostprocessing = 0;
		};
/* End PBXSourcesBuildPhase section */

/* Begin PBXTargetDependency section */
		1E47E70F26016D5C0098FE56 /* PBXTargetDependency */ = {
			isa = PBXTargetDependency;
			target = 1E47E6F626016D580098FE56 /* Pomodoro */;
			targetProxy = 1E47E70E26016D5C0098FE56 /* PBXContainerItemProxy */;
		};
		1E47E71A26016D5C0098FE56 /* PBXTargetDependency */ = {
			isa = PBXTargetDependency;
			target = 1E47E6F626016D580098FE56 /* Pomodoro */;
			targetProxy = 1E47E71926016D5C0098FE56 /* PBXContainerItemProxy */;
		};
/* End PBXTargetDependency section */

/* Begin PBXVariantGroup section */
		1E47E70026016D580098FE56 /* Main.storyboard */ = {
			isa = PBXVariantGroup;
			children = (
				1E47E70126016D580098FE56 /* Base */,
			);
			name = Main.storyboard;
			sourceTree = "<group>";
		};
		1E47E70526016D5C0098FE56 /* LaunchScreen.storyboard */ = {
			isa = PBXVariantGroup;
			children = (
				1E47E70626016D5C0098FE56 /* Base */,
			);
			name = LaunchScreen.storyboard;
			sourceTree = "<group>";
		};
/* End PBXVariantGroup section */

/* Begin XCBuildConfiguration section */
		1E47E71F26016D5C0098FE56 /* Debug */ = {
			isa = XCBuildConfiguration;
			buildSettings = {
				ALWAYS_SEARCH_USER_PATHS = NO;
				CLANG_ANALYZER_NONNULL = YES;
				CLANG_ANALYZER_NUMBER_OBJECT_CONVERSION = YES_AGGRESSIVE;
				CLANG_CXX_LANGUAGE_STANDARD = "gnu++14";
				CLANG_CXX_LIBRARY = "libc++";
				CLANG_ENABLE_MODULES = YES;
				CLANG_ENABLE_OBJC_ARC = YES;
				CLANG_ENABLE_OBJC_WEAK = YES;
				CLANG_WARN_BLOCK_CAPTURE_AUTORELEASING = YES;
				CLANG_WARN_BOOL_CONVERSION = YES;
				CLANG_WARN_COMMA = YES;
				CLANG_WARN_CONSTANT_CONVERSION = YES;
				CLANG_WARN_DEPRECATED_OBJC_IMPLEMENTATIONS = YES;
				CLANG_WARN_DIRECT_OBJC_ISA_USAGE = YES_ERROR;
				CLANG_WARN_DOCUMENTATION_COMMENTS = YES;
				CLANG_WARN_EMPTY_BODY = YES;
				CLANG_WARN_ENUM_CONVERSION = YES;
				CLANG_WARN_INFINITE_RECURSION = YES;
				CLANG_WARN_INT_CONVERSION = YES;
				CLANG_WARN_NON_LITERAL_NULL_CONVERSION = YES;
				CLANG_WARN_OBJC_IMPLICIT_RETAIN_SELF = YES;
				CLANG_WARN_OBJC_LITERAL_CONVERSION = YES;
				CLANG_WARN_OBJC_ROOT_CLASS = YES_ERROR;
				CLANG_WARN_QUOTED_INCLUDE_IN_FRAMEWORK_HEADER = YES;
				CLANG_WARN_RANGE_LOOP_ANALYSIS = YES;
				CLANG_WARN_STRICT_PROTOTYPES = YES;
				CLANG_WARN_SUSPICIOUS_MOVE = YES;
				CLANG_WARN_UNGUARDED_AVAILABILITY = YES_AGGRESSIVE;
				CLANG_WARN_UNREACHABLE_CODE = YES;
				CLANG_WARN__DUPLICATE_METHOD_MATCH = YES;
				COPY_PHASE_STRIP = NO;
				DEBUG_INFORMATION_FORMAT = dwarf;
				ENABLE_STRICT_OBJC_MSGSEND = YES;
				ENABLE_TESTABILITY = YES;
				GCC_C_LANGUAGE_STANDARD = gnu11;
				GCC_DYNAMIC_NO_PIC = NO;
				GCC_NO_COMMON_BLOCKS = YES;
				GCC_OPTIMIZATION_LEVEL = 0;
				GCC_PREPROCESSOR_DEFINITIONS = (
					"DEBUG=1",
					"$(inherited)",
				);
				GCC_WARN_64_TO_32_BIT_CONVERSION = YES;
				GCC_WARN_ABOUT_RETURN_TYPE = YES_ERROR;
				GCC_WARN_UNDECLARED_SELECTOR = YES;
				GCC_WARN_UNINITIALIZED_AUTOS = YES_AGGRESSIVE;
				GCC_WARN_UNUSED_FUNCTION = YES;
				GCC_WARN_UNUSED_VARIABLE = YES;
				IPHONEOS_DEPLOYMENT_TARGET = 14.3;
				MTL_ENABLE_DEBUG_INFO = INCLUDE_SOURCE;
				MTL_FAST_MATH = YES;
				ONLY_ACTIVE_ARCH = YES;
				SDKROOT = iphoneos;
				SWIFT_ACTIVE_COMPILATION_CONDITIONS = DEBUG;
				SWIFT_OPTIMIZATION_LEVEL = "-Onone";
			};
			name = Debug;
		};
		1E47E72026016D5C0098FE56 /* Release */ = {
			isa = XCBuildConfiguration;
			buildSettings = {
				ALWAYS_SEARCH_USER_PATHS = NO;
				CLANG_ANALYZER_NONNULL = YES;
				CLANG_ANALYZER_NUMBER_OBJECT_CONVERSION = YES_AGGRESSIVE;
				CLANG_CXX_LANGUAGE_STANDARD = "gnu++14";
				CLANG_CXX_LIBRARY = "libc++";
				CLANG_ENABLE_MODULES = YES;
				CLANG_ENABLE_OBJC_ARC = YES;
				CLANG_ENABLE_OBJC_WEAK = YES;
				CLANG_WARN_BLOCK_CAPTURE_AUTORELEASING = YES;
				CLANG_WARN_BOOL_CONVERSION = YES;
				CLANG_WARN_COMMA = YES;
				CLANG_WARN_CONSTANT_CONVERSION = YES;
				CLANG_WARN_DEPRECATED_OBJC_IMPLEMENTATIONS = YES;
				CLANG_WARN_DIRECT_OBJC_ISA_USAGE = YES_ERROR;
				CLANG_WARN_DOCUMENTATION_COMMENTS = YES;
				CLANG_WARN_EMPTY_BODY = YES;
				CLANG_WARN_ENUM_CONVERSION = YES;
				CLANG_WARN_INFINITE_RECURSION = YES;
				CLANG_WARN_INT_CONVERSION = YES;
				CLANG_WARN_NON_LITERAL_NULL_CONVERSION = YES;
				CLANG_WARN_OBJC_IMPLICIT_RETAIN_SELF = YES;
				CLANG_WARN_OBJC_LITERAL_CONVERSION = YES;
				CLANG_WARN_OBJC_ROOT_CLASS = YES_ERROR;
				CLANG_WARN_QUOTED_INCLUDE_IN_FRAMEWORK_HEADER = YES;
				CLANG_WARN_RANGE_LOOP_ANALYSIS = YES;
				CLANG_WARN_STRICT_PROTOTYPES = YES;
				CLANG_WARN_SUSPICIOUS_MOVE = YES;
				CLANG_WARN_UNGUARDED_AVAILABILITY = YES_AGGRESSIVE;
				CLANG_WARN_UNREACHABLE_CODE = YES;
				CLANG_WARN__DUPLICATE_METHOD_MATCH = YES;
				COPY_PHASE_STRIP = NO;
				DEBUG_INFORMATION_FORMAT = "dwarf-with-dsym";
				ENABLE_NS_ASSERTIONS = NO;
				ENABLE_STRICT_OBJC_MSGSEND = YES;
				GCC_C_LANGUAGE_STANDARD = gnu11;
				GCC_NO_COMMON_BLOCKS = YES;
				GCC_WARN_64_TO_32_BIT_CONVERSION = YES;
				GCC_WARN_ABOUT_RETURN_TYPE = YES_ERROR;
				GCC_WARN_UNDECLARED_SELECTOR = YES;
				GCC_WARN_UNINITIALIZED_AUTOS = YES_AGGRESSIVE;
				GCC_WARN_UNUSED_FUNCTION = YES;
				GCC_WARN_UNUSED_VARIABLE = YES;
				IPHONEOS_DEPLOYMENT_TARGET = 14.3;
				MTL_ENABLE_DEBUG_INFO = NO;
				MTL_FAST_MATH = YES;
				SDKROOT = iphoneos;
				SWIFT_COMPILATION_MODE = wholemodule;
				SWIFT_OPTIMIZATION_LEVEL = "-O";
				VALIDATE_PRODUCT = YES;
			};
			name = Release;
		};
		1E47E72226016D5C0098FE56 /* Debug */ = {
			isa = XCBuildConfiguration;
			buildSettings = {
				ASSETCATALOG_COMPILER_APPICON_NAME = AppIcon;
				ASSETCATALOG_COMPILER_GLOBAL_ACCENT_COLOR_NAME = AccentColor;
				CODE_SIGN_STYLE = Automatic;
				DEVELOPMENT_TEAM = D786ACT9SA;
				INFOPLIST_FILE = Pomodoro/Info.plist;
				LD_RUNPATH_SEARCH_PATHS = (
					"$(inherited)",
					"@executable_path/Frameworks",
				);
				PRODUCT_BUNDLE_IDENTIFIER = BestCompany.Pomodoro;
				PRODUCT_NAME = "$(TARGET_NAME)";
				SWIFT_VERSION = 5.0;
				TARGETED_DEVICE_FAMILY = "1,2";
			};
			name = Debug;
		};
		1E47E72326016D5C0098FE56 /* Release */ = {
			isa = XCBuildConfiguration;
			buildSettings = {
				ASSETCATALOG_COMPILER_APPICON_NAME = AppIcon;
				ASSETCATALOG_COMPILER_GLOBAL_ACCENT_COLOR_NAME = AccentColor;
				CODE_SIGN_STYLE = Automatic;
				DEVELOPMENT_TEAM = D786ACT9SA;
				INFOPLIST_FILE = Pomodoro/Info.plist;
				LD_RUNPATH_SEARCH_PATHS = (
					"$(inherited)",
					"@executable_path/Frameworks",
				);
				PRODUCT_BUNDLE_IDENTIFIER = BestCompany.Pomodoro;
				PRODUCT_NAME = "$(TARGET_NAME)";
				SWIFT_VERSION = 5.0;
				TARGETED_DEVICE_FAMILY = "1,2";
			};
			name = Release;
		};
		1E47E72526016D5C0098FE56 /* Debug */ = {
			isa = XCBuildConfiguration;
			buildSettings = {
				ALWAYS_EMBED_SWIFT_STANDARD_LIBRARIES = YES;
				BUNDLE_LOADER = "$(TEST_HOST)";
				CODE_SIGN_STYLE = Automatic;
				DEVELOPMENT_TEAM = D786ACT9SA;
				INFOPLIST_FILE = PomodoroTests/Info.plist;
				IPHONEOS_DEPLOYMENT_TARGET = 14.3;
				LD_RUNPATH_SEARCH_PATHS = (
					"$(inherited)",
					"@executable_path/Frameworks",
					"@loader_path/Frameworks",
				);
				PRODUCT_BUNDLE_IDENTIFIER = BestCompany.PomodoroTests;
				PRODUCT_NAME = "$(TARGET_NAME)";
				SWIFT_VERSION = 5.0;
				TARGETED_DEVICE_FAMILY = "1,2";
				TEST_HOST = "$(BUILT_PRODUCTS_DIR)/Pomodoro.app/Pomodoro";
			};
			name = Debug;
		};
		1E47E72626016D5C0098FE56 /* Release */ = {
			isa = XCBuildConfiguration;
			buildSettings = {
				ALWAYS_EMBED_SWIFT_STANDARD_LIBRARIES = YES;
				BUNDLE_LOADER = "$(TEST_HOST)";
				CODE_SIGN_STYLE = Automatic;
				DEVELOPMENT_TEAM = D786ACT9SA;
				INFOPLIST_FILE = PomodoroTests/Info.plist;
				IPHONEOS_DEPLOYMENT_TARGET = 14.3;
				LD_RUNPATH_SEARCH_PATHS = (
					"$(inherited)",
					"@executable_path/Frameworks",
					"@loader_path/Frameworks",
				);
				PRODUCT_BUNDLE_IDENTIFIER = BestCompany.PomodoroTests;
				PRODUCT_NAME = "$(TARGET_NAME)";
				SWIFT_VERSION = 5.0;
				TARGETED_DEVICE_FAMILY = "1,2";
				TEST_HOST = "$(BUILT_PRODUCTS_DIR)/Pomodoro.app/Pomodoro";
			};
			name = Release;
		};
		1E47E72826016D5C0098FE56 /* Debug */ = {
			isa = XCBuildConfiguration;
			buildSettings = {
				ALWAYS_EMBED_SWIFT_STANDARD_LIBRARIES = YES;
				CODE_SIGN_STYLE = Automatic;
				DEVELOPMENT_TEAM = D786ACT9SA;
				INFOPLIST_FILE = PomodoroUITests/Info.plist;
				LD_RUNPATH_SEARCH_PATHS = (
					"$(inherited)",
					"@executable_path/Frameworks",
					"@loader_path/Frameworks",
				);
				PRODUCT_BUNDLE_IDENTIFIER = BestCompany.PomodoroUITests;
				PRODUCT_NAME = "$(TARGET_NAME)";
				SWIFT_VERSION = 5.0;
				TARGETED_DEVICE_FAMILY = "1,2";
				TEST_TARGET_NAME = Pomodoro;
			};
			name = Debug;
		};
		1E47E72926016D5C0098FE56 /* Release */ = {
			isa = XCBuildConfiguration;
			buildSettings = {
				ALWAYS_EMBED_SWIFT_STANDARD_LIBRARIES = YES;
				CODE_SIGN_STYLE = Automatic;
				DEVELOPMENT_TEAM = D786ACT9SA;
				INFOPLIST_FILE = PomodoroUITests/Info.plist;
				LD_RUNPATH_SEARCH_PATHS = (
					"$(inherited)",
					"@executable_path/Frameworks",
					"@loader_path/Frameworks",
				);
				PRODUCT_BUNDLE_IDENTIFIER = BestCompany.PomodoroUITests;
				PRODUCT_NAME = "$(TARGET_NAME)";
				SWIFT_VERSION = 5.0;
				TARGETED_DEVICE_FAMILY = "1,2";
				TEST_TARGET_NAME = Pomodoro;
			};
			name = Release;
		};
/* End XCBuildConfiguration section */

/* Begin XCConfigurationList section */
		1E47E6F226016D580098FE56 /* Build configuration list for PBXProject "Pomodoro" */ = {
			isa = XCConfigurationList;
			buildConfigurations = (
				1E47E71F26016D5C0098FE56 /* Debug */,
				1E47E72026016D5C0098FE56 /* Release */,
			);
			defaultConfigurationIsVisible = 0;
			defaultConfigurationName = Release;
		};
		1E47E72126016D5C0098FE56 /* Build configuration list for PBXNativeTarget "Pomodoro" */ = {
			isa = XCConfigurationList;
			buildConfigurations = (
				1E47E72226016D5C0098FE56 /* Debug */,
				1E47E72326016D5C0098FE56 /* Release */,
			);
			defaultConfigurationIsVisible = 0;
			defaultConfigurationName = Release;
		};
		1E47E72426016D5C0098FE56 /* Build configuration list for PBXNativeTarget "PomodoroTests" */ = {
			isa = XCConfigurationList;
			buildConfigurations = (
				1E47E72526016D5C0098FE56 /* Debug */,
				1E47E72626016D5C0098FE56 /* Release */,
			);
			defaultConfigurationIsVisible = 0;
			defaultConfigurationName = Release;
		};
		1E47E72726016D5C0098FE56 /* Build configuration list for PBXNativeTarget "PomodoroUITests" */ = {
			isa = XCConfigurationList;
			buildConfigurations = (
				1E47E72826016D5C0098FE56 /* Debug */,
				1E47E72926016D5C0098FE56 /* Release */,
			);
			defaultConfigurationIsVisible = 0;
			defaultConfigurationName = Release;
		};
/* End XCConfigurationList section */
	};
	rootObject = 1E47E6EF26016D580098FE56 /* Project object */;
}
